
Microsoft Visual Studio Solution File, Format Version 12.00
# Visual Studio Version 16
VisualStudioVersion = 16.0.32413.511
MinimumVisualStudioVersion = 10.0.40219.1
Project("{FAE04EC0-301F-11D3-BF4B-00C04F79EFBC}") = "WeatherApp", "WeatherApp\WeatherApp.csproj", "{496E2765-F3B3-4BB0-AD22-139C62728721}"
EndProject
Global
	GlobalSection(SolutionConfigurationPlatforms) = preSolution
		Debug|Any CPU = Debug|Any CPU
		Release|Any CPU = Release|Any CPU
	EndGlobalSection
	GlobalSection(ProjectConfigurationPlatforms) = postSolution
		{496E2765-F3B3-4BB0-AD22-139C62728721}.Debug|Any CPU.ActiveCfg = Debug|Any CPU
		{496E2765-F3B3-4BB0-AD22-139C62728721}.Debug|Any CPU.Build.0 = Debug|Any CPU
		{496E2765-F3B3-4BB0-AD22-139C62728721}.Release|Any CPU.ActiveCfg = Release|Any CPU
		{496E2765-F3B3-4BB0-AD22-139C62728721}.Release|Any CPU.Build.0 = Release|Any CPU
	EndGlobalSection
	GlobalSection(SolutionProperties) = preSolution
		HideSolutionNode = FALSE
	EndGlobalSection
	GlobalSection(ExtensibilityGlobals) = postSolution
		SolutionGuid = {78197C48-C5D4-4911-9486-6B9BBE44A777}
	EndGlobalSection
EndGlobal
